<Solution>
  <Folder Name="/src/">
    <Project Path="src/__PACKAGE__/__PACKAGE__.csproj" />
  </Folder>
  <Folder Name="/tests/">
    <Project Path="tests/__PACKAGE__.Tests/__PACKAGE__.Tests.csproj" />
  </Folder>
  <Folder Name="/benchmarks/">
    <Project Path="benchmarks/__PACKAGE__.Benchmarks/__PACKAGE__.Benchmarks.csproj" />
  </Folder>
</Solution>
